
Microsoft Visual Studio Solution File, Format Version 12.00
# Visual Studio Version 16
VisualStudioVersion = 16.0.31112.23
MinimumVisualStudioVersion = 10.0.40219.1
Project("{FAE04EC0-301F-11D3-BF4B-00C04F79EFBC}") = "TechnicalAPI", "TechnicalAPI\TechnicalAPI.csproj", "{898C71D4-AD46-402C-AFB6-52018AD6B2E1}"
EndProject
Project("{FAE04EC0-301F-11D3-BF4B-00C04F79EFBC}") = "TechnicalAPI.Infrastructure", "TechnicalAPI.Infrastructure\TechnicalAPI.Infrastructure.csproj", "{78AE1C86-3BE1-4BFD-A5B0-69E89E5173BA}"
EndProject
Global
	GlobalSection(SolutionConfigurationPlatforms) = preSolution
		Debug|Any CPU = Debug|Any CPU
		Release|Any CPU = Release|Any CPU
	EndGlobalSection
	GlobalSection(ProjectConfigurationPlatforms) = postSolution
		{898C71D4-AD46-402C-AFB6-52018AD6B2E1}.Debug|Any CPU.ActiveCfg = Debug|Any CPU
		{898C71D4-AD46-402C-AFB6-52018AD6B2E1}.Debug|Any CPU.Build.0 = Debug|Any CPU
		{898C71D4-AD46-402C-AFB6-52018AD6B2E1}.Release|Any CPU.ActiveCfg = Release|Any CPU
		{898C71D4-AD46-402C-AFB6-52018AD6B2E1}.Release|Any CPU.Build.0 = Release|Any CPU
		{78AE1C86-3BE1-4BFD-A5B0-69E89E5173BA}.Debug|Any CPU.ActiveCfg = Debug|Any CPU
		{78AE1C86-3BE1-4BFD-A5B0-69E89E5173BA}.Debug|Any CPU.Build.0 = Debug|Any CPU
		{78AE1C86-3BE1-4BFD-A5B0-69E89E5173BA}.Release|Any CPU.ActiveCfg = Release|Any CPU
		{78AE1C86-3BE1-4BFD-A5B0-69E89E5173BA}.Release|Any CPU.Build.0 = Release|Any CPU
	EndGlobalSection
	GlobalSection(SolutionProperties) = preSolution
		HideSolutionNode = FALSE
	EndGlobalSection
	GlobalSection(ExtensibilityGlobals) = postSolution
		SolutionGuid = {51B6C4CB-08EA-47A0-AFA3-915638A6CBCA}
	EndGlobalSection
EndGlobal
